
Microsoft Visual Studio Solution File, Format Version 12.00
# Visual Studio 2012
VisualStudioVersion = 14.0.25123.0
MinimumVisualStudioVersion = 10.0.40219.1
Project("{FAE04EC0-301F-11D3-BF4B-00C04F79EFBC}") = "RupeeDesk.Droid", "RupeeDesk\RupeeDesk.Droid\RupeeDesk.Droid.csproj", "{705186CE-D8D7-4747-9E1B-3162803AA36B}"
EndProject
Project("{FAE04EC0-301F-11D3-BF4B-00C04F79EFBC}") = "RupeeDesk.iOS", "RupeeDesk\RupeeDesk.iOS\RupeeDesk.iOS.csproj", "{D2BFF20A-7517-4A6A-AE08-1E125E8738BF}"
EndProject
Project("{FAE04EC0-301F-11D3-BF4B-00C04F79EFBC}") = "RupeeDesk.WinPhone", "RupeeDesk\RupeeDesk.WinPhone\RupeeDesk.WinPhone.csproj", "{3FDF5EC5-A2F6-49F6-938D-1175609E819F}"
EndProject
Project("{FAE04EC0-301F-11D3-BF4B-00C04F79EFBC}") = "RupeeDesk.UWP", "RupeeDesk\RupeeDesk.UWP\RupeeDesk.UWP.csproj", "{4C797964-FCDF-466E-AF1F-BC7E120A0515}"
EndProject
Project("{FAE04EC0-301F-11D3-BF4B-00C04F79EFBC}") = "RupeeDesk.Windows", "RupeeDesk\RupeeDesk.Windows\RupeeDesk.Windows.csproj", "{986A5D25-065F-4EB5-A863-757B41604F2E}"
EndProject
Project("{FAE04EC0-301F-11D3-BF4B-00C04F79EFBC}") = "RupeeDesk", "RupeeDesk\RupeeDesk\RupeeDesk.csproj", "{3037028E-EB37-46DD-8497-14A758AE26FB}"
EndProject
Global
	GlobalSection(SolutionConfigurationPlatforms) = preSolution
		Ad-Hoc|Any CPU = Ad-Hoc|Any CPU
		Ad-Hoc|ARM = Ad-Hoc|ARM
		Ad-Hoc|iPhone = Ad-Hoc|iPhone
		Ad-Hoc|iPhoneSimulator = Ad-Hoc|iPhoneSimulator
		Ad-Hoc|x64 = Ad-Hoc|x64
		Ad-Hoc|x86 = Ad-Hoc|x86
		AppStore|Any CPU = AppStore|Any CPU
		AppStore|ARM = AppStore|ARM
		AppStore|iPhone = AppStore|iPhone
		AppStore|iPhoneSimulator = AppStore|iPhoneSimulator
		AppStore|x64 = AppStore|x64
		AppStore|x86 = AppStore|x86
		Debug|Any CPU = Debug|Any CPU
		Debug|ARM = Debug|ARM
		Debug|iPhone = Debug|iPhone
		Debug|iPhoneSimulator = Debug|iPhoneSimulator
		Debug|x64 = Debug|x64
		Debug|x86 = Debug|x86
		Release|Any CPU = Release|Any CPU
		Release|ARM = Release|ARM
		Release|iPhone = Release|iPhone
		Release|iPhoneSimulator = Release|iPhoneSimulator
		Release|x64 = Release|x64
		Release|x86 = Release|x86
	EndGlobalSection
	GlobalSection(ProjectConfigurationPlatforms) = postSolution
		{3037028E-EB37-46DD-8497-14A758AE26FB}.Ad-Hoc|Any CPU.ActiveCfg = Release|Any CPU
		{3037028E-EB37-46DD-8497-14A758AE26FB}.Ad-Hoc|Any CPU.Build.0 = Release|Any CPU
		{3037028E-EB37-46DD-8497-14A758AE26FB}.Ad-Hoc|ARM.ActiveCfg = Release|Any CPU
		{3037028E-EB37-46DD-8497-14A758AE26FB}.Ad-Hoc|ARM.Build.0 = Release|Any CPU
		{3037028E-EB37-46DD-8497-14A758AE26FB}.Ad-Hoc|iPhone.ActiveCfg = Release|Any CPU
		{3037028E-EB37-46DD-8497-14A758AE26FB}.Ad-Hoc|iPhone.Build.0 = Release|Any CPU
		{3037028E-EB37-46DD-8497-14A758AE26FB}.Ad-Hoc|iPhoneSimulator.ActiveCfg = Release|Any CPU
		{3037028E-EB37-46DD-8497-14A758AE26FB}.Ad-Hoc|iPhoneSimulator.Build.0 = Release|Any CPU
		{3037028E-EB37-46DD-8497-14A758AE26FB}.Ad-Hoc|x64.ActiveCfg = Release|Any CPU
		{3037028E-EB37-46DD-8497-14A758AE26FB}.Ad-Hoc|x64.Build.0 = Release|Any CPU
		{3037028E-EB37-46DD-8497-14A758AE26FB}.Ad-Hoc|x86.ActiveCfg = Release|Any CPU
		{3037028E-EB37-46DD-8497-14A758AE26FB}.Ad-Hoc|x86.Build.0 = Release|Any CPU
		{3037028E-EB37-46DD-8497-14A758AE26FB}.AppStore|Any CPU.ActiveCfg = Release|Any CPU
		{3037028E-EB37-46DD-8497-14A758AE26FB}.AppStore|Any CPU.Build.0 = Release|Any CPU
		{3037028E-EB37-46DD-8497-14A758AE26FB}.AppStore|ARM.ActiveCfg = Release|Any CPU
		{3037028E-EB37-46DD-8497-14A758AE26FB}.AppStore|ARM.Build.0 = Release|Any CPU
		{3037028E-EB37-46DD-8497-14A758AE26FB}.AppStore|iPhone.ActiveCfg = Release|Any CPU
		{3037028E-EB37-46DD-8497-14A758AE26FB}.AppStore|iPhone.Build.0 = Release|Any CPU
		{3037028E-EB37-46DD-8497-14A758AE26FB}.AppStore|iPhoneSimulator.ActiveCfg = Release|Any CPU
		{3037028E-EB37-46DD-8497-14A758AE26FB}.AppStore|iPhoneSimulator.Build.0 = Release|Any CPU
		{3037028E-EB37-46DD-8497-14A758AE26FB}.AppStore|x64.ActiveCfg = Release|Any CPU
		{3037028E-EB37-46DD-8497-14A758AE26FB}.AppStore|x64.Build.0 = Release|Any CPU
		{3037028E-EB37-46DD-8497-14A758AE26FB}.AppStore|x86.ActiveCfg = Release|Any CPU
		{3037028E-EB37-46DD-8497-14A758AE26FB}.AppStore|x86.Build.0 = Release|Any CPU
		{3037028E-EB37-46DD-8497-14A758AE26FB}.Debug|Any CPU.ActiveCfg = Debug|Any CPU
		{3037028E-EB37-46DD-8497-14A758AE26FB}.Debug|Any CPU.Build.0 = Debug|Any CPU
		{3037028E-EB37-46DD-8497-14A758AE26FB}.Debug|ARM.ActiveCfg = Debug|Any CPU
		{3037028E-EB37-46DD-8497-14A758AE26FB}.Debug|ARM.Build.0 = Debug|Any CPU
		{3037028E-EB37-46DD-8497-14A758AE26FB}.Debug|iPhone.ActiveCfg = Debug|Any CPU
		{3037028E-EB37-46DD-8497-14A758AE26FB}.Debug|iPhone.Build.0 = Debug|Any CPU
		{3037028E-EB37-46DD-8497-14A758AE26FB}.Debug|iPhoneSimulator.ActiveCfg = Debug|Any CPU
		{3037028E-EB37-46DD-8497-14A758AE26FB}.Debug|iPhoneSimulator.Build.0 = Debug|Any CPU
		{3037028E-EB37-46DD-8497-14A758AE26FB}.Debug|x64.ActiveCfg = Debug|Any CPU
		{3037028E-EB37-46DD-8497-14A758AE26FB}.Debug|x64.Build.0 = Debug|Any CPU
		{3037028E-EB37-46DD-8497-14A758AE26FB}.Debug|x86.ActiveCfg = Debug|Any CPU
		{3037028E-EB37-46DD-8497-14A758AE26FB}.Debug|x86.Build.0 = Debug|Any CPU
		{3037028E-EB37-46DD-8497-14A758AE26FB}.Release|Any CPU.ActiveCfg = Release|Any CPU
		{3037028E-EB37-46DD-8497-14A758AE26FB}.Release|Any CPU.Build.0 = Release|Any CPU
		{3037028E-EB37-46DD-8497-14A758AE26FB}.Release|ARM.ActiveCfg = Release|Any CPU
		{3037028E-EB37-46DD-8497-14A758AE26FB}.Release|ARM.Build.0 = Release|Any CPU
		{3037028E-EB37-46DD-8497-14A758AE26FB}.Release|iPhone.ActiveCfg = Release|Any CPU
		{3037028E-EB37-46DD-8497-14A758AE26FB}.Release|iPhone.Build.0 = Release|Any CPU
		{3037028E-EB37-46DD-8497-14A758AE26FB}.Release|iPhoneSimulator.ActiveCfg = Release|Any CPU
		{3037028E-EB37-46DD-8497-14A758AE26FB}.Release|iPhoneSimulator.Build.0 = Release|Any CPU
		{3037028E-EB37-46DD-8497-14A758AE26FB}.Release|x64.ActiveCfg = Release|Any CPU
		{3037028E-EB37-46DD-8497-14A758AE26FB}.Release|x64.Build.0 = Release|Any CPU
		{3037028E-EB37-46DD-8497-14A758AE26FB}.Release|x86.ActiveCfg = Release|Any CPU
		{3037028E-EB37-46DD-8497-14A758AE26FB}.Release|x86.Build.0 = Release|Any CPU
		{3FDF5EC5-A2F6-49F6-938D-1175609E819F}.Ad-Hoc|Any CPU.ActiveCfg = Release|Any CPU
		{3FDF5EC5-A2F6-49F6-938D-1175609E819F}.Ad-Hoc|Any CPU.Build.0 = Release|Any CPU
		{3FDF5EC5-A2F6-49F6-938D-1175609E819F}.Ad-Hoc|Any CPU.Deploy.0 = Release|Any CPU
		{3FDF5EC5-A2F6-49F6-938D-1175609E819F}.Ad-Hoc|ARM.ActiveCfg = Release|ARM
		{3FDF5EC5-A2F6-49F6-938D-1175609E819F}.Ad-Hoc|ARM.Build.0 = Release|ARM
		{3FDF5EC5-A2F6-49F6-938D-1175609E819F}.Ad-Hoc|ARM.Deploy.0 = Release|ARM
		{3FDF5EC5-A2F6-49F6-938D-1175609E819F}.Ad-Hoc|iPhone.ActiveCfg = Release|Any CPU
		{3FDF5EC5-A2F6-49F6-938D-1175609E819F}.Ad-Hoc|iPhone.Build.0 = Release|Any CPU
		{3FDF5EC5-A2F6-49F6-938D-1175609E819F}.Ad-Hoc|iPhone.Deploy.0 = Release|Any CPU
		{3FDF5EC5-A2F6-49F6-938D-1175609E819F}.Ad-Hoc|iPhoneSimulator.ActiveCfg = Release|Any CPU
		{3FDF5EC5-A2F6-49F6-938D-1175609E819F}.Ad-Hoc|iPhoneSimulator.Build.0 = Release|Any CPU
		{3FDF5EC5-A2F6-49F6-938D-1175609E819F}.Ad-Hoc|iPhoneSimulator.Deploy.0 = Release|Any CPU
		{3FDF5EC5-A2F6-49F6-938D-1175609E819F}.Ad-Hoc|x64.ActiveCfg = Release|Any CPU
		{3FDF5EC5-A2F6-49F6-938D-1175609E819F}.Ad-Hoc|x64.Build.0 = Release|Any CPU
		{3FDF5EC5-A2F6-49F6-938D-1175609E819F}.Ad-Hoc|x64.Deploy.0 = Release|Any CPU
		{3FDF5EC5-A2F6-49F6-938D-1175609E819F}.Ad-Hoc|x86.ActiveCfg = Release|x86
		{3FDF5EC5-A2F6-49F6-938D-1175609E819F}.Ad-Hoc|x86.Build.0 = Release|x86
		{3FDF5EC5-A2F6-49F6-938D-1175609E819F}.Ad-Hoc|x86.Deploy.0 = Release|x86
		{3FDF5EC5-A2F6-49F6-938D-1175609E819F}.AppStore|Any CPU.ActiveCfg = Release|Any CPU
		{3FDF5EC5-A2F6-49F6-938D-1175609E819F}.AppStore|Any CPU.Build.0 = Release|Any CPU
		{3FDF5EC5-A2F6-49F6-938D-1175609E819F}.AppStore|Any CPU.Deploy.0 = Release|Any CPU
		{3FDF5EC5-A2F6-49F6-938D-1175609E819F}.AppStore|ARM.ActiveCfg = Release|ARM
		{3FDF5EC5-A2F6-49F6-938D-1175609E819F}.AppStore|ARM.Build.0 = Release|ARM
		{3FDF5EC5-A2F6-49F6-938D-1175609E819F}.AppStore|ARM.Deploy.0 = Release|ARM
		{3FDF5EC5-A2F6-49F6-938D-1175609E819F}.AppStore|iPhone.ActiveCfg = Release|Any CPU
		{3FDF5EC5-A2F6-49F6-938D-1175609E819F}.AppStore|iPhone.Build.0 = Release|Any CPU
		{3FDF5EC5-A2F6-49F6-938D-1175609E819F}.AppStore|iPhone.Deploy.0 = Release|Any CPU
		{3FDF5EC5-A2F6-49F6-938D-1175609E819F}.AppStore|iPhoneSimulator.ActiveCfg = Release|Any CPU
		{3FDF5EC5-A2F6-49F6-938D-1175609E819F}.AppStore|iPhoneSimulator.Build.0 = Release|Any CPU
		{3FDF5EC5-A2F6-49F6-938D-1175609E819F}.AppStore|iPhoneSimulator.Deploy.0 = Release|Any CPU
		{3FDF5EC5-A2F6-49F6-938D-1175609E819F}.AppStore|x64.ActiveCfg = Release|Any CPU
		{3FDF5EC5-A2F6-49F6-938D-1175609E819F}.AppStore|x64.Build.0 = Release|Any CPU
		{3FDF5EC5-A2F6-49F6-938D-1175609E819F}.AppStore|x64.Deploy.0 = Release|Any CPU
		{3FDF5EC5-A2F6-49F6-938D-1175609E819F}.AppStore|x86.ActiveCfg = Release|x86
		{3FDF5EC5-A2F6-49F6-938D-1175609E819F}.AppStore|x86.Build.0 = Release|x86
		{3FDF5EC5-A2F6-49F6-938D-1175609E819F}.AppStore|x86.Deploy.0 = Release|x86
		{3FDF5EC5-A2F6-49F6-938D-1175609E819F}.Debug|Any CPU.ActiveCfg = Debug|Any CPU
		{3FDF5EC5-A2F6-49F6-938D-1175609E819F}.Debug|Any CPU.Build.0 = Debug|Any CPU
		{3FDF5EC5-A2F6-49F6-938D-1175609E819F}.Debug|Any CPU.Deploy.0 = Debug|Any CPU
		{3FDF5EC5-A2F6-49F6-938D-1175609E819F}.Debug|ARM.ActiveCfg = Debug|ARM
		{3FDF5EC5-A2F6-49F6-938D-1175609E819F}.Debug|ARM.Build.0 = Debug|ARM
		{3FDF5EC5-A2F6-49F6-938D-1175609E819F}.Debug|ARM.Deploy.0 = Debug|ARM
		{3FDF5EC5-A2F6-49F6-938D-1175609E819F}.Debug|iPhone.ActiveCfg = Debug|Any CPU
		{3FDF5EC5-A2F6-49F6-938D-1175609E819F}.Debug|iPhone.Build.0 = Debug|Any CPU
		{3FDF5EC5-A2F6-49F6-938D-1175609E819F}.Debug|iPhone.Deploy.0 = Debug|Any CPU
		{3FDF5EC5-A2F6-49F6-938D-1175609E819F}.Debug|iPhoneSimulator.ActiveCfg = Debug|Any CPU
		{3FDF5EC5-A2F6-49F6-938D-1175609E819F}.Debug|iPhoneSimulator.Build.0 = Debug|Any CPU
		{3FDF5EC5-A2F6-49F6-938D-1175609E819F}.Debug|iPhoneSimulator.Deploy.0 = Debug|Any CPU
		{3FDF5EC5-A2F6-49F6-938D-1175609E819F}.Debug|x64.ActiveCfg = Debug|Any CPU
		{3FDF5EC5-A2F6-49F6-938D-1175609E819F}.Debug|x64.Build.0 = Debug|Any CPU
		{3FDF5EC5-A2F6-49F6-938D-1175609E819F}.Debug|x64.Deploy.0 = Debug|Any CPU
		{3FDF5EC5-A2F6-49F6-938D-1175609E819F}.Debug|x86.ActiveCfg = Debug|x86
		{3FDF5EC5-A2F6-49F6-938D-1175609E819F}.Debug|x86.Build.0 = Debug|x86
		{3FDF5EC5-A2F6-49F6-938D-1175609E819F}.Debug|x86.Deploy.0 = Debug|x86
		{3FDF5EC5-A2F6-49F6-938D-1175609E819F}.Release|Any CPU.ActiveCfg = Release|Any CPU
		{3FDF5EC5-A2F6-49F6-938D-1175609E819F}.Release|Any CPU.Build.0 = Release|Any CPU
		{3FDF5EC5-A2F6-49F6-938D-1175609E819F}.Release|Any CPU.Deploy.0 = Release|Any CPU
		{3FDF5EC5-A2F6-49F6-938D-1175609E819F}.Release|ARM.ActiveCfg = Release|ARM
		{3FDF5EC5-A2F6-49F6-938D-1175609E819F}.Release|ARM.Build.0 = Release|ARM
		{3FDF5EC5-A2F6-49F6-938D-1175609E819F}.Release|ARM.Deploy.0 = Release|ARM
		{3FDF5EC5-A2F6-49F6-938D-1175609E819F}.Release|iPhone.ActiveCfg = Release|Any CPU
		{3FDF5EC5-A2F6-49F6-938D-1175609E819F}.Release|iPhone.Build.0 = Release|Any CPU
		{3FDF5EC5-A2F6-49F6-938D-1175609E819F}.Release|iPhone.Deploy.0 = Release|Any CPU
		{3FDF5EC5-A2F6-49F6-938D-1175609E819F}.Release|iPhoneSimulator.ActiveCfg = Release|Any CPU
		{3FDF5EC5-A2F6-49F6-938D-1175609E819F}.Release|iPhoneSimulator.Build.0 = Release|Any CPU
		{3FDF5EC5-A2F6-49F6-938D-1175609E819F}.Release|iPhoneSimulator.Deploy.0 = Release|Any CPU
		{3FDF5EC5-A2F6-49F6-938D-1175609E819F}.Release|x64.ActiveCfg = Release|Any CPU
		{3FDF5EC5-A2F6-49F6-938D-1175609E819F}.Release|x64.Build.0 = Release|Any CPU
		{3FDF5EC5-A2F6-49F6-938D-1175609E819F}.Release|x64.Deploy.0 = Release|Any CPU
		{3FDF5EC5-A2F6-49F6-938D-1175609E819F}.Release|x86.ActiveCfg = Release|x86
		{3FDF5EC5-A2F6-49F6-938D-1175609E819F}.Release|x86.Build.0 = Release|x86
		{3FDF5EC5-A2F6-49F6-938D-1175609E819F}.Release|x86.Deploy.0 = Release|x86
		{4C797964-FCDF-466E-AF1F-BC7E120A0515}.Ad-Hoc|Any CPU.ActiveCfg = Release|x86
		{4C797964-FCDF-466E-AF1F-BC7E120A0515}.Ad-Hoc|Any CPU.Build.0 = Release|x86
		{4C797964-FCDF-466E-AF1F-BC7E120A0515}.Ad-Hoc|Any CPU.Deploy.0 = Release|x86
		{4C797964-FCDF-466E-AF1F-BC7E120A0515}.Ad-Hoc|ARM.ActiveCfg = Release|ARM
		{4C797964-FCDF-466E-AF1F-BC7E120A0515}.Ad-Hoc|ARM.Build.0 = Release|ARM
		{4C797964-FCDF-466E-AF1F-BC7E120A0515}.Ad-Hoc|ARM.Deploy.0 = Release|ARM
		{4C797964-FCDF-466E-AF1F-BC7E120A0515}.Ad-Hoc|iPhone.ActiveCfg = Release|x86
		{4C797964-FCDF-466E-AF1F-BC7E120A0515}.Ad-Hoc|iPhone.Build.0 = Release|x86
		{4C797964-FCDF-466E-AF1F-BC7E120A0515}.Ad-Hoc|iPhone.Deploy.0 = Release|x86
		{4C797964-FCDF-466E-AF1F-BC7E120A0515}.Ad-Hoc|iPhoneSimulator.ActiveCfg = Release|x86
		{4C797964-FCDF-466E-AF1F-BC7E120A0515}.Ad-Hoc|iPhoneSimulator.Build.0 = Release|x86
		{4C797964-FCDF-466E-AF1F-BC7E120A0515}.Ad-Hoc|iPhoneSimulator.Deploy.0 = Release|x86
		{4C797964-FCDF-466E-AF1F-BC7E120A0515}.Ad-Hoc|x64.ActiveCfg = Release|x64
		{4C797964-FCDF-466E-AF1F-BC7E120A0515}.Ad-Hoc|x64.Build.0 = Release|x64
		{4C797964-FCDF-466E-AF1F-BC7E120A0515}.Ad-Hoc|x64.Deploy.0 = Release|x64
		{4C797964-FCDF-466E-AF1F-BC7E120A0515}.Ad-Hoc|x86.ActiveCfg = Release|x86
		{4C797964-FCDF-466E-AF1F-BC7E120A0515}.Ad-Hoc|x86.Build.0 = Release|x86
		{4C797964-FCDF-466E-AF1F-BC7E120A0515}.Ad-Hoc|x86.Deploy.0 = Release|x86
		{4C797964-FCDF-466E-AF1F-BC7E120A0515}.AppStore|Any CPU.ActiveCfg = Release|x86
		{4C797964-FCDF-466E-AF1F-BC7E120A0515}.AppStore|Any CPU.Build.0 = Release|x86
		{4C797964-FCDF-466E-AF1F-BC7E120A0515}.AppStore|Any CPU.Deploy.0 = Release|x86
		{4C797964-FCDF-466E-AF1F-BC7E120A0515}.AppStore|ARM.ActiveCfg = Release|ARM
		{4C797964-FCDF-466E-AF1F-BC7E120A0515}.AppStore|ARM.Build.0 = Release|ARM
		{4C797964-FCDF-466E-AF1F-BC7E120A0515}.AppStore|ARM.Deploy.0 = Release|ARM
		{4C797964-FCDF-466E-AF1F-BC7E120A0515}.AppStore|iPhone.ActiveCfg = Release|x86
		{4C797964-FCDF-466E-AF1F-BC7E120A0515}.AppStore|iPhone.Build.0 = Release|x86
		{4C797964-FCDF-466E-AF1F-BC7E120A0515}.AppStore|iPhone.Deploy.0 = Release|x86
		{4C797964-FCDF-466E-AF1F-BC7E120A0515}.AppStore|iPhoneSimulator.ActiveCfg = Release|x86
		{4C797964-FCDF-466E-AF1F-BC7E120A0515}.AppStore|iPhoneSimulator.Build.0 = Release|x86
		{4C797964-FCDF-466E-AF1F-BC7E120A0515}.AppStore|iPhoneSimulator.Deploy.0 = Release|x86
		{4C797964-FCDF-466E-AF1F-BC7E120A0515}.AppStore|x64.ActiveCfg = Release|x64
		{4C797964-FCDF-466E-AF1F-BC7E120A0515}.AppStore|x64.Build.0 = Release|x64
		{4C797964-FCDF-466E-AF1F-BC7E120A0515}.AppStore|x64.Deploy.0 = Release|x64
		{4C797964-FCDF-466E-AF1F-BC7E120A0515}.AppStore|x86.ActiveCfg = Release|x86
		{4C797964-FCDF-466E-AF1F-BC7E120A0515}.AppStore|x86.Build.0 = Release|x86
		{4C797964-FCDF-466E-AF1F-BC7E120A0515}.AppStore|x86.Deploy.0 = Release|x86
		{4C797964-FCDF-466E-AF1F-BC7E120A0515}.Debug|Any CPU.ActiveCfg = Debug|x86
		{4C797964-FCDF-466E-AF1F-BC7E120A0515}.Debug|ARM.ActiveCfg = Debug|ARM
		{4C797964-FCDF-466E-AF1F-BC7E120A0515}.Debug|ARM.Build.0 = Debug|ARM
		{4C797964-FCDF-466E-AF1F-BC7E120A0515}.Debug|ARM.Deploy.0 = Debug|ARM
		{4C797964-FCDF-466E-AF1F-BC7E120A0515}.Debug|iPhone.ActiveCfg = Debug|x86
		{4C797964-FCDF-466E-AF1F-BC7E120A0515}.Debug|iPhoneSimulator.ActiveCfg = Debug|x86
		{4C797964-FCDF-466E-AF1F-BC7E120A0515}.Debug|x64.ActiveCfg = Debug|x64
		{4C797964-FCDF-466E-AF1F-BC7E120A0515}.Debug|x64.Build.0 = Debug|x64
		{4C797964-FCDF-466E-AF1F-BC7E120A0515}.Debug|x64.Deploy.0 = Debug|x64
		{4C797964-FCDF-466E-AF1F-BC7E120A0515}.Debug|x86.ActiveCfg = Debug|x86
		{4C797964-FCDF-466E-AF1F-BC7E120A0515}.Debug|x86.Build.0 = Debug|x86
		{4C797964-FCDF-466E-AF1F-BC7E120A0515}.Debug|x86.Deploy.0 = Debug|x86
		{4C797964-FCDF-466E-AF1F-BC7E120A0515}.Release|Any CPU.ActiveCfg = Release|x86
		{4C797964-FCDF-466E-AF1F-BC7E120A0515}.Release|ARM.ActiveCfg = Release|ARM
		{4C797964-FCDF-466E-AF1F-BC7E120A0515}.Release|ARM.Build.0 = Release|ARM
		{4C797964-FCDF-466E-AF1F-BC7E120A0515}.Release|ARM.Deploy.0 = Release|ARM
		{4C797964-FCDF-466E-AF1F-BC7E120A0515}.Release|iPhone.ActiveCfg = Release|x86
		{4C797964-FCDF-466E-AF1F-BC7E120A0515}.Release|iPhoneSimulator.ActiveCfg = Release|x86
		{4C797964-FCDF-466E-AF1F-BC7E120A0515}.Release|x64.ActiveCfg = Release|x64
		{4C797964-FCDF-466E-AF1F-BC7E120A0515}.Release|x64.Build.0 = Release|x64
		{4C797964-FCDF-466E-AF1F-BC7E120A0515}.Release|x64.Deploy.0 = Release|x64
		{4C797964-FCDF-466E-AF1F-BC7E120A0515}.Release|x86.ActiveCfg = Release|x86
		{4C797964-FCDF-466E-AF1F-BC7E120A0515}.Release|x86.Build.0 = Release|x86
		{4C797964-FCDF-466E-AF1F-BC7E120A0515}.Release|x86.Deploy.0 = Release|x86
		{705186CE-D8D7-4747-9E1B-3162803AA36B}.Ad-Hoc|Any CPU.ActiveCfg = Release|Any CPU
		{705186CE-D8D7-4747-9E1B-3162803AA36B}.Ad-Hoc|Any CPU.Build.0 = Release|Any CPU
		{705186CE-D8D7-4747-9E1B-3162803AA36B}.Ad-Hoc|Any CPU.Deploy.0 = Release|Any CPU
		{705186CE-D8D7-4747-9E1B-3162803AA36B}.Ad-Hoc|ARM.ActiveCfg = Release|Any CPU
		{705186CE-D8D7-4747-9E1B-3162803AA36B}.Ad-Hoc|ARM.Build.0 = Release|Any CPU
		{705186CE-D8D7-4747-9E1B-3162803AA36B}.Ad-Hoc|ARM.Deploy.0 = Release|Any CPU
		{705186CE-D8D7-4747-9E1B-3162803AA36B}.Ad-Hoc|iPhone.ActiveCfg = Release|Any CPU
		{705186CE-D8D7-4747-9E1B-3162803AA36B}.Ad-Hoc|iPhone.Build.0 = Release|Any CPU
		{705186CE-D8D7-4747-9E1B-3162803AA36B}.Ad-Hoc|iPhone.Deploy.0 = Release|Any CPU
		{705186CE-D8D7-4747-9E1B-3162803AA36B}.Ad-Hoc|iPhoneSimulator.ActiveCfg = Release|Any CPU
		{705186CE-D8D7-4747-9E1B-3162803AA36B}.Ad-Hoc|iPhoneSimulator.Build.0 = Release|Any CPU
		{705186CE-D8D7-4747-9E1B-3162803AA36B}.Ad-Hoc|iPhoneSimulator.Deploy.0 = Release|Any CPU
		{705186CE-D8D7-4747-9E1B-3162803AA36B}.Ad-Hoc|x64.ActiveCfg = Release|Any CPU
		{705186CE-D8D7-4747-9E1B-3162803AA36B}.Ad-Hoc|x64.Build.0 = Release|Any CPU
		{705186CE-D8D7-4747-9E1B-3162803AA36B}.Ad-Hoc|x64.Deploy.0 = Release|Any CPU
		{705186CE-D8D7-4747-9E1B-3162803AA36B}.Ad-Hoc|x86.ActiveCfg = Release|Any CPU
		{705186CE-D8D7-4747-9E1B-3162803AA36B}.Ad-Hoc|x86.Build.0 = Release|Any CPU
		{705186CE-D8D7-4747-9E1B-3162803AA36B}.Ad-Hoc|x86.Deploy.0 = Release|Any CPU
		{705186CE-D8D7-4747-9E1B-3162803AA36B}.AppStore|Any CPU.ActiveCfg = Release|Any CPU
		{705186CE-D8D7-4747-9E1B-3162803AA36B}.AppStore|Any CPU.Build.0 = Release|Any CPU
		{705186CE-D8D7-4747-9E1B-3162803AA36B}.AppStore|Any CPU.Deploy.0 = Release|Any CPU
		{705186CE-D8D7-4747-9E1B-3162803AA36B}.AppStore|ARM.ActiveCfg = Release|Any CPU
		{705186CE-D8D7-4747-9E1B-3162803AA36B}.AppStore|ARM.Build.0 = Release|Any CPU
		{705186CE-D8D7-4747-9E1B-3162803AA36B}.AppStore|ARM.Deploy.0 = Release|Any CPU
		{705186CE-D8D7-4747-9E1B-3162803AA36B}.AppStore|iPhone.ActiveCfg = Release|Any CPU
		{705186CE-D8D7-4747-9E1B-3162803AA36B}.AppStore|iPhone.Build.0 = Release|Any CPU
		{705186CE-D8D7-4747-9E1B-3162803AA36B}.AppStore|iPhone.Deploy.0 = Release|Any CPU
		{705186CE-D8D7-4747-9E1B-3162803AA36B}.AppStore|iPhoneSimulator.ActiveCfg = Release|Any CPU
		{705186CE-D8D7-4747-9E1B-3162803AA36B}.AppStore|iPhoneSimulator.Build.0 = Release|Any CPU
		{705186CE-D8D7-4747-9E1B-3162803AA36B}.AppStore|iPhoneSimulator.Deploy.0 = Release|Any CPU
		{705186CE-D8D7-4747-9E1B-3162803AA36B}.AppStore|x64.ActiveCfg = Release|Any CPU
		{705186CE-D8D7-4747-9E1B-3162803AA36B}.AppStore|x64.Build.0 = Release|Any CPU
		{705186CE-D8D7-4747-9E1B-3162803AA36B}.AppStore|x64.Deploy.0 = Release|Any CPU
		{705186CE-D8D7-4747-9E1B-3162803AA36B}.AppStore|x86.ActiveCfg = Release|Any CPU
		{705186CE-D8D7-4747-9E1B-3162803AA36B}.AppStore|x86.Build.0 = Release|Any CPU
		{705186CE-D8D7-4747-9E1B-3162803AA36B}.AppStore|x86.Deploy.0 = Release|Any CPU
		{705186CE-D8D7-4747-9E1B-3162803AA36B}.Debug|Any CPU.ActiveCfg = Debug|Any CPU
		{705186CE-D8D7-4747-9E1B-3162803AA36B}.Debug|Any CPU.Build.0 = Debug|Any CPU
		{705186CE-D8D7-4747-9E1B-3162803AA36B}.Debug|Any CPU.Deploy.0 = Debug|Any CPU
		{705186CE-D8D7-4747-9E1B-3162803AA36B}.Debug|ARM.ActiveCfg = Debug|Any CPU
		{705186CE-D8D7-4747-9E1B-3162803AA36B}.Debug|ARM.Build.0 = Debug|Any CPU
		{705186CE-D8D7-4747-9E1B-3162803AA36B}.Debug|ARM.Deploy.0 = Debug|Any CPU
		{705186CE-D8D7-4747-9E1B-3162803AA36B}.Debug|iPhone.ActiveCfg = Debug|Any CPU
		{705186CE-D8D7-4747-9E1B-3162803AA36B}.Debug|iPhone.Build.0 = Debug|Any CPU
		{705186CE-D8D7-4747-9E1B-3162803AA36B}.Debug|iPhone.Deploy.0 = Debug|Any CPU
		{705186CE-D8D7-4747-9E1B-3162803AA36B}.Debug|iPhoneSimulator.ActiveCfg = Debug|Any CPU
		{705186CE-D8D7-4747-9E1B-3162803AA36B}.Debug|iPhoneSimulator.Build.0 = Debug|Any CPU
		{705186CE-D8D7-4747-9E1B-3162803AA36B}.Debug|iPhoneSimulator.Deploy.0 = Debug|Any CPU
		{705186CE-D8D7-4747-9E1B-3162803AA36B}.Debug|x64.ActiveCfg = Debug|Any CPU
		{705186CE-D8D7-4747-9E1B-3162803AA36B}.Debug|x64.Build.0 = Debug|Any CPU
		{705186CE-D8D7-4747-9E1B-3162803AA36B}.Debug|x64.Deploy.0 = Debug|Any CPU
		{705186CE-D8D7-4747-9E1B-3162803AA36B}.Debug|x86.ActiveCfg = Debug|Any CPU
		{705186CE-D8D7-4747-9E1B-3162803AA36B}.Debug|x86.Build.0 = Debug|Any CPU
		{705186CE-D8D7-4747-9E1B-3162803AA36B}.Debug|x86.Deploy.0 = Debug|Any CPU
		{705186CE-D8D7-4747-9E1B-3162803AA36B}.Release|Any CPU.ActiveCfg = Release|Any CPU
		{705186CE-D8D7-4747-9E1B-3162803AA36B}.Release|Any CPU.Build.0 = Release|Any CPU
		{705186CE-D8D7-4747-9E1B-3162803AA36B}.Release|Any CPU.Deploy.0 = Release|Any CPU
		{705186CE-D8D7-4747-9E1B-3162803AA36B}.Release|ARM.ActiveCfg = Release|Any CPU
		{705186CE-D8D7-4747-9E1B-3162803AA36B}.Release|ARM.Build.0 = Release|Any CPU
		{705186CE-D8D7-4747-9E1B-3162803AA36B}.Release|ARM.Deploy.0 = Release|Any CPU
		{705186CE-D8D7-4747-9E1B-3162803AA36B}.Release|iPhone.ActiveCfg = Release|Any CPU
		{705186CE-D8D7-4747-9E1B-3162803AA36B}.Release|iPhone.Build.0 = Release|Any CPU
		{705186CE-D8D7-4747-9E1B-3162803AA36B}.Release|iPhone.Deploy.0 = Release|Any CPU
		{705186CE-D8D7-4747-9E1B-3162803AA36B}.Release|iPhoneSimulator.ActiveCfg = Release|Any CPU
		{705186CE-D8D7-4747-9E1B-3162803AA36B}.Release|iPhoneSimulator.Build.0 = Release|Any CPU
		{705186CE-D8D7-4747-9E1B-3162803AA36B}.Release|iPhoneSimulator.Deploy.0 = Release|Any CPU
		{705186CE-D8D7-4747-9E1B-3162803AA36B}.Release|x64.ActiveCfg = Release|Any CPU
		{705186CE-D8D7-4747-9E1B-3162803AA36B}.Release|x64.Build.0 = Release|Any CPU
		{705186CE-D8D7-4747-9E1B-3162803AA36B}.Release|x64.Deploy.0 = Release|Any CPU
		{705186CE-D8D7-4747-9E1B-3162803AA36B}.Release|x86.ActiveCfg = Release|Any CPU
		{705186CE-D8D7-4747-9E1B-3162803AA36B}.Release|x86.Build.0 = Release|Any CPU
		{705186CE-D8D7-4747-9E1B-3162803AA36B}.Release|x86.Deploy.0 = Release|Any CPU
		{986A5D25-065F-4EB5-A863-757B41604F2E}.Ad-Hoc|Any CPU.ActiveCfg = Release|Any CPU
		{986A5D25-065F-4EB5-A863-757B41604F2E}.Ad-Hoc|Any CPU.Build.0 = Release|Any CPU
		{986A5D25-065F-4EB5-A863-757B41604F2E}.Ad-Hoc|Any CPU.Deploy.0 = Release|Any CPU
		{986A5D25-065F-4EB5-A863-757B41604F2E}.Ad-Hoc|ARM.ActiveCfg = Release|ARM
		{986A5D25-065F-4EB5-A863-757B41604F2E}.Ad-Hoc|ARM.Build.0 = Release|ARM
		{986A5D25-065F-4EB5-A863-757B41604F2E}.Ad-Hoc|ARM.Deploy.0 = Release|ARM
		{986A5D25-065F-4EB5-A863-757B41604F2E}.Ad-Hoc|iPhone.ActiveCfg = Release|Any CPU
		{986A5D25-065F-4EB5-A863-757B41604F2E}.Ad-Hoc|iPhone.Build.0 = Release|Any CPU
		{986A5D25-065F-4EB5-A863-757B41604F2E}.Ad-Hoc|iPhone.Deploy.0 = Release|Any CPU
		{986A5D25-065F-4EB5-A863-757B41604F2E}.Ad-Hoc|iPhoneSimulator.ActiveCfg = Release|Any CPU
		{986A5D25-065F-4EB5-A863-757B41604F2E}.Ad-Hoc|iPhoneSimulator.Build.0 = Release|Any CPU
		{986A5D25-065F-4EB5-A863-757B41604F2E}.Ad-Hoc|iPhoneSimulator.Deploy.0 = Release|Any CPU
		{986A5D25-065F-4EB5-A863-757B41604F2E}.Ad-Hoc|x64.ActiveCfg = Release|x64
		{986A5D25-065F-4EB5-A863-757B41604F2E}.Ad-Hoc|x64.Build.0 = Release|x64
		{986A5D25-065F-4EB5-A863-757B41604F2E}.Ad-Hoc|x64.Deploy.0 = Release|x64
		{986A5D25-065F-4EB5-A863-757B41604F2E}.Ad-Hoc|x86.ActiveCfg = Release|x86
		{986A5D25-065F-4EB5-A863-757B41604F2E}.Ad-Hoc|x86.Build.0 = Release|x86
		{986A5D25-065F-4EB5-A863-757B41604F2E}.Ad-Hoc|x86.Deploy.0 = Release|x86
		{986A5D25-065F-4EB5-A863-757B41604F2E}.AppStore|Any CPU.ActiveCfg = Release|Any CPU
		{986A5D25-065F-4EB5-A863-757B41604F2E}.AppStore|Any CPU.Build.0 = Release|Any CPU
		{986A5D25-065F-4EB5-A863-757B41604F2E}.AppStore|Any CPU.Deploy.0 = Release|Any CPU
		{986A5D25-065F-4EB5-A863-757B41604F2E}.AppStore|ARM.ActiveCfg = Release|ARM
		{986A5D25-065F-4EB5-A863-757B41604F2E}.AppStore|ARM.Build.0 = Release|ARM
		{986A5D25-065F-4EB5-A863-757B41604F2E}.AppStore|ARM.Deploy.0 = Release|ARM
		{986A5D25-065F-4EB5-A863-757B41604F2E}.AppStore|iPhone.ActiveCfg = Release|Any CPU
		{986A5D25-065F-4EB5-A863-757B41604F2E}.AppStore|iPhone.Build.0 = Release|Any CPU
		{986A5D25-065F-4EB5-A863-757B41604F2E}.AppStore|iPhone.Deploy.0 = Release|Any CPU
		{986A5D25-065F-4EB5-A863-757B41604F2E}.AppStore|iPhoneSimulator.ActiveCfg = Release|Any CPU
		{986A5D25-065F-4EB5-A863-757B41604F2E}.AppStore|iPhoneSimulator.Build.0 = Release|Any CPU
		{986A5D25-065F-4EB5-A863-757B41604F2E}.AppStore|iPhoneSimulator.Deploy.0 = Release|Any CPU
		{986A5D25-065F-4EB5-A863-757B41604F2E}.AppStore|x64.ActiveCfg = Release|x64
		{986A5D25-065F-4EB5-A863-757B41604F2E}.AppStore|x64.Build.0 = Release|x64
		{986A5D25-065F-4EB5-A863-757B41604F2E}.AppStore|x64.Deploy.0 = Release|x64
		{986A5D25-065F-4EB5-A863-757B41604F2E}.AppStore|x86.ActiveCfg = Release|x86
		{986A5D25-065F-4EB5-A863-757B41604F2E}.AppStore|x86.Build.0 = Release|x86
		{986A5D25-065F-4EB5-A863-757B41604F2E}.AppStore|x86.Deploy.0 = Release|x86
		{986A5D25-065F-4EB5-A863-757B41604F2E}.Debug|Any CPU.ActiveCfg = Debug|Any CPU
		{986A5D25-065F-4EB5-A863-757B41604F2E}.Debug|Any CPU.Build.0 = Debug|Any CPU
		{986A5D25-065F-4EB5-A863-757B41604F2E}.Debug|Any CPU.Deploy.0 = Debug|Any CPU
		{986A5D25-065F-4EB5-A863-757B41604F2E}.Debug|ARM.ActiveCfg = Debug|ARM
		{986A5D25-065F-4EB5-A863-757B41604F2E}.Debug|ARM.Build.0 = Debug|ARM
		{986A5D25-065F-4EB5-A863-757B41604F2E}.Debug|ARM.Deploy.0 = Debug|ARM
		{986A5D25-065F-4EB5-A863-757B41604F2E}.Debug|iPhone.ActiveCfg = Debug|Any CPU
		{986A5D25-065F-4EB5-A863-757B41604F2E}.Debug|iPhone.Build.0 = Debug|Any CPU
		{986A5D25-065F-4EB5-A863-757B41604F2E}.Debug|iPhone.Deploy.0 = Debug|Any CPU
		{986A5D25-065F-4EB5-A863-757B41604F2E}.Debug|iPhoneSimulator.ActiveCfg = Debug|Any CPU
		{986A5D25-065F-4EB5-A863-757B41604F2E}.Debug|iPhoneSimulator.Build.0 = Debug|Any CPU
		{986A5D25-065F-4EB5-A863-757B41604F2E}.Debug|iPhoneSimulator.Deploy.0 = Debug|Any CPU
		{986A5D25-065F-4EB5-A863-757B41604F2E}.Debug|x64.ActiveCfg = Debug|x64
		{986A5D25-065F-4EB5-A863-757B41604F2E}.Debug|x64.Build.0 = Debug|x64
		{986A5D25-065F-4EB5-A863-757B41604F2E}.Debug|x64.Deploy.0 = Debug|x64
		{986A5D25-065F-4EB5-A863-757B41604F2E}.Debug|x86.ActiveCfg = Debug|x86
		{986A5D25-065F-4EB5-A863-757B41604F2E}.Debug|x86.Build.0 = Debug|x86
		{986A5D25-065F-4EB5-A863-757B41604F2E}.Debug|x86.Deploy.0 = Debug|x86
		{986A5D25-065F-4EB5-A863-757B41604F2E}.Release|Any CPU.ActiveCfg = Release|Any CPU
		{986A5D25-065F-4EB5-A863-757B41604F2E}.Release|Any CPU.Build.0 = Release|Any CPU
		{986A5D25-065F-4EB5-A863-757B41604F2E}.Release|Any CPU.Deploy.0 = Release|Any CPU
		{986A5D25-065F-4EB5-A863-757B41604F2E}.Release|ARM.ActiveCfg = Release|ARM
		{986A5D25-065F-4EB5-A863-757B41604F2E}.Release|ARM.Build.0 = Release|ARM
		{986A5D25-065F-4EB5-A863-757B41604F2E}.Release|ARM.Deploy.0 = Release|ARM
		{986A5D25-065F-4EB5-A863-757B41604F2E}.Release|iPhone.ActiveCfg = Release|Any CPU
		{986A5D25-065F-4EB5-A863-757B41604F2E}.Release|iPhone.Build.0 = Release|Any CPU
		{986A5D25-065F-4EB5-A863-757B41604F2E}.Release|iPhone.Deploy.0 = Release|Any CPU
		{986A5D25-065F-4EB5-A863-757B41604F2E}.Release|iPhoneSimulator.ActiveCfg = Release|Any CPU
		{986A5D25-065F-4EB5-A863-757B41604F2E}.Release|iPhoneSimulator.Build.0 = Release|Any CPU
		{986A5D25-065F-4EB5-A863-757B41604F2E}.Release|iPhoneSimulator.Deploy.0 = Release|Any CPU
		{986A5D25-065F-4EB5-A863-757B41604F2E}.Release|x64.ActiveCfg = Release|x64
		{986A5D25-065F-4EB5-A863-757B41604F2E}.Release|x64.Build.0 = Release|x64
		{986A5D25-065F-4EB5-A863-757B41604F2E}.Release|x64.Deploy.0 = Release|x64
		{986A5D25-065F-4EB5-A863-757B41604F2E}.Release|x86.ActiveCfg = Release|x86
		{986A5D25-065F-4EB5-A863-757B41604F2E}.Release|x86.Build.0 = Release|x86
		{986A5D25-065F-4EB5-A863-757B41604F2E}.Release|x86.Deploy.0 = Release|x86
		{D2BFF20A-7517-4A6A-AE08-1E125E8738BF}.Ad-Hoc|Any CPU.ActiveCfg = Ad-Hoc|iPhone
		{D2BFF20A-7517-4A6A-AE08-1E125E8738BF}.Ad-Hoc|ARM.ActiveCfg = Ad-Hoc|iPhone
		{D2BFF20A-7517-4A6A-AE08-1E125E8738BF}.Ad-Hoc|iPhone.ActiveCfg = Ad-Hoc|iPhone
		{D2BFF20A-7517-4A6A-AE08-1E125E8738BF}.Ad-Hoc|iPhone.Build.0 = Ad-Hoc|iPhone
		{D2BFF20A-7517-4A6A-AE08-1E125E8738BF}.Ad-Hoc|iPhoneSimulator.ActiveCfg = Ad-Hoc|iPhoneSimulator
		{D2BFF20A-7517-4A6A-AE08-1E125E8738BF}.Ad-Hoc|iPhoneSimulator.Build.0 = Ad-Hoc|iPhoneSimulator
		{D2BFF20A-7517-4A6A-AE08-1E125E8738BF}.Ad-Hoc|x64.ActiveCfg = Ad-Hoc|iPhone
		{D2BFF20A-7517-4A6A-AE08-1E125E8738BF}.Ad-Hoc|x86.ActiveCfg = Ad-Hoc|iPhone
		{D2BFF20A-7517-4A6A-AE08-1E125E8738BF}.AppStore|Any CPU.ActiveCfg = AppStore|iPhone
		{D2BFF20A-7517-4A6A-AE08-1E125E8738BF}.AppStore|ARM.ActiveCfg = AppStore|iPhone
		{D2BFF20A-7517-4A6A-AE08-1E125E8738BF}.AppStore|iPhone.ActiveCfg = AppStore|iPhone
		{D2BFF20A-7517-4A6A-AE08-1E125E8738BF}.AppStore|iPhone.Build.0 = AppStore|iPhone
		{D2BFF20A-7517-4A6A-AE08-1E125E8738BF}.AppStore|iPhoneSimulator.ActiveCfg = AppStore|iPhoneSimulator
		{D2BFF20A-7517-4A6A-AE08-1E125E8738BF}.AppStore|iPhoneSimulator.Build.0 = AppStore|iPhoneSimulator
		{D2BFF20A-7517-4A6A-AE08-1E125E8738BF}.AppStore|x64.ActiveCfg = AppStore|iPhone
		{D2BFF20A-7517-4A6A-AE08-1E125E8738BF}.AppStore|x86.ActiveCfg = AppStore|iPhone
		{D2BFF20A-7517-4A6A-AE08-1E125E8738BF}.Debug|Any CPU.ActiveCfg = Debug|iPhoneSimulator
		{D2BFF20A-7517-4A6A-AE08-1E125E8738BF}.Debug|Any CPU.Build.0 = Debug|iPhoneSimulator
		{D2BFF20A-7517-4A6A-AE08-1E125E8738BF}.Debug|ARM.ActiveCfg = Debug|iPhone
		{D2BFF20A-7517-4A6A-AE08-1E125E8738BF}.Debug|iPhone.ActiveCfg = Debug|iPhone
		{D2BFF20A-7517-4A6A-AE08-1E125E8738BF}.Debug|iPhone.Build.0 = Debug|iPhone
		{D2BFF20A-7517-4A6A-AE08-1E125E8738BF}.Debug|iPhoneSimulator.ActiveCfg = Debug|iPhoneSimulator
		{D2BFF20A-7517-4A6A-AE08-1E125E8738BF}.Debug|iPhoneSimulator.Build.0 = Debug|iPhoneSimulator
		{D2BFF20A-7517-4A6A-AE08-1E125E8738BF}.Debug|x64.ActiveCfg = Debug|iPhone
		{D2BFF20A-7517-4A6A-AE08-1E125E8738BF}.Debug|x86.ActiveCfg = Debug|iPhone
		{D2BFF20A-7517-4A6A-AE08-1E125E8738BF}.Release|Any CPU.ActiveCfg = Release|iPhone
		{D2BFF20A-7517-4A6A-AE08-1E125E8738BF}.Release|ARM.ActiveCfg = Release|iPhone
		{D2BFF20A-7517-4A6A-AE08-1E125E8738BF}.Release|iPhone.ActiveCfg = Release|iPhone
		{D2BFF20A-7517-4A6A-AE08-1E125E8738BF}.Release|iPhone.Build.0 = Release|iPhone
		{D2BFF20A-7517-4A6A-AE08-1E125E8738BF}.Release|iPhoneSimulator.ActiveCfg = Release|iPhoneSimulator
		{D2BFF20A-7517-4A6A-AE08-1E125E8738BF}.Release|iPhoneSimulator.Build.0 = Release|iPhoneSimulator
		{D2BFF20A-7517-4A6A-AE08-1E125E8738BF}.Release|x64.ActiveCfg = Release|iPhone
		{D2BFF20A-7517-4A6A-AE08-1E125E8738BF}.Release|x86.ActiveCfg = Release|iPhone
	EndGlobalSection
	GlobalSection(SolutionProperties) = preSolution
		HideSolutionNode = FALSE
	EndGlobalSection
EndGlobal
